
Microsoft Visual Studio Solution File, Format Version 12.00
Project("{FAE04EC0-301F-11D3-BF4B-00C04F79EFBC}") = "Firmeza.web", "src\Firmeza.web\Firmeza.web.csproj", "{5E932AA1-029C-4EA1-8586-6733B81B6073}"
EndProject
Project("{FAE04EC0-301F-11D3-BF4B-00C04F79EFBC}") = "Firmeza.Domain", "src\Firmeza.Domain\Firmeza.Domain.csproj", "{93A8116C-437D-46F4-AFFC-52B74315E4C4}"
EndProject
Project("{FAE04EC0-301F-11D3-BF4B-00C04F79EFBC}") = "Firmeza.Application", "src\Firmeza.Application\Firmeza.Application.csproj", "{68ADDB8C-DF5B-4DD2-A915-C1F5BD9679FB}"
EndProject
Project("{FAE04EC0-301F-11D3-BF4B-00C04F79EFBC}") = "Firmeza.Infrastructure", "src\Firmeza.Infrastructure\Firmeza.Infrastructure.csproj", "{702F5C37-5420-4F36-BFA6-6EE67094D1F4}"
EndProject
Global
	GlobalSection(SolutionConfigurationPlatforms) = preSolution
		Debug|Any CPU = Debug|Any CPU
		Release|Any CPU = Release|Any CPU
	EndGlobalSection
	GlobalSection(ProjectConfigurationPlatforms) = postSolution
		{5E932AA1-029C-4EA1-8586-6733B81B6073}.Debug|Any CPU.ActiveCfg = Debug|Any CPU
		{5E932AA1-029C-4EA1-8586-6733B81B6073}.Debug|Any CPU.Build.0 = Debug|Any CPU
		{5E932AA1-029C-4EA1-8586-6733B81B6073}.Release|Any CPU.ActiveCfg = Release|Any CPU
		{5E932AA1-029C-4EA1-8586-6733B81B6073}.Release|Any CPU.Build.0 = Release|Any CPU
		{93A8116C-437D-46F4-AFFC-52B74315E4C4}.Debug|Any CPU.ActiveCfg = Debug|Any CPU
		{93A8116C-437D-46F4-AFFC-52B74315E4C4}.Debug|Any CPU.Build.0 = Debug|Any CPU
		{93A8116C-437D-46F4-AFFC-52B74315E4C4}.Release|Any CPU.ActiveCfg = Release|Any CPU
		{93A8116C-437D-46F4-AFFC-52B74315E4C4}.Release|Any CPU.Build.0 = Release|Any CPU
		{68ADDB8C-DF5B-4DD2-A915-C1F5BD9679FB}.Debug|Any CPU.ActiveCfg = Debug|Any CPU
		{68ADDB8C-DF5B-4DD2-A915-C1F5BD9679FB}.Debug|Any CPU.Build.0 = Debug|Any CPU
		{68ADDB8C-DF5B-4DD2-A915-C1F5BD9679FB}.Release|Any CPU.ActiveCfg = Release|Any CPU
		{68ADDB8C-DF5B-4DD2-A915-C1F5BD9679FB}.Release|Any CPU.Build.0 = Release|Any CPU
		{702F5C37-5420-4F36-BFA6-6EE67094D1F4}.Debug|Any CPU.ActiveCfg = Debug|Any CPU
		{702F5C37-5420-4F36-BFA6-6EE67094D1F4}.Debug|Any CPU.Build.0 = Debug|Any CPU
		{702F5C37-5420-4F36-BFA6-6EE67094D1F4}.Release|Any CPU.ActiveCfg = Release|Any CPU
		{702F5C37-5420-4F36-BFA6-6EE67094D1F4}.Release|Any CPU.Build.0 = Release|Any CPU
	EndGlobalSection
EndGlobal
